
Microsoft Visual Studio Solution File, Format Version 12.00
# Visual Studio 15
VisualStudioVersion = 15.0.28307.645
MinimumVisualStudioVersion = 10.0.40219.1
Project("{FAE04EC0-301F-11D3-BF4B-00C04F79EFBC}") = "ExtractInject", "ExtractInject\ExtractInject.csproj", "{21987676-1C30-47B1-8F24-6691E22E1156}"
EndProject
Project("{FAE04EC0-301F-11D3-BF4B-00C04F79EFBC}") = "ExtractInjectTest", "ExtractInjectTest\ExtractInjectTest.csproj", "{C2EB9995-8E1A-4225-821A-4A9BA2C34F73}"
EndProject
Global
	GlobalSection(SolutionConfigurationPlatforms) = preSolution
		Debug|Any CPU = Debug|Any CPU
		Release|Any CPU = Release|Any CPU
	EndGlobalSection
	GlobalSection(ProjectConfigurationPlatforms) = postSolution
		{21987676-1C30-47B1-8F24-6691E22E1156}.Debug|Any CPU.ActiveCfg = Debug|Any CPU
		{21987676-1C30-47B1-8F24-6691E22E1156}.Debug|Any CPU.Build.0 = Debug|Any CPU
		{21987676-1C30-47B1-8F24-6691E22E1156}.Release|Any CPU.ActiveCfg = Release|Any CPU
		{21987676-1C30-47B1-8F24-6691E22E1156}.Release|Any CPU.Build.0 = Release|Any CPU
		{C2EB9995-8E1A-4225-821A-4A9BA2C34F73}.Debug|Any CPU.ActiveCfg = Debug|Any CPU
		{C2EB9995-8E1A-4225-821A-4A9BA2C34F73}.Debug|Any CPU.Build.0 = Debug|Any CPU
		{C2EB9995-8E1A-4225-821A-4A9BA2C34F73}.Release|Any CPU.ActiveCfg = Release|Any CPU
		{C2EB9995-8E1A-4225-821A-4A9BA2C34F73}.Release|Any CPU.Build.0 = Release|Any CPU
	EndGlobalSection
	GlobalSection(SolutionProperties) = preSolution
		HideSolutionNode = FALSE
	EndGlobalSection
	GlobalSection(ExtensibilityGlobals) = postSolution
		SolutionGuid = {B010749B-76AC-4386-955A-3424AB494BFC}
	EndGlobalSection
EndGlobal
