
Microsoft Visual Studio Solution File, Format Version 12.00
# Visual Studio Version 16
VisualStudioVersion = 16.0.29519.87
MinimumVisualStudioVersion = 10.0.40219.1
Project("{FAE04EC0-301F-11D3-BF4B-00C04F79EFBC}") = "DotLog", "DotLog\DotLog.csproj", "{2129094C-F4F2-4EC1-8F71-BD85942DD22B}"
EndProject
Project("{FAE04EC0-301F-11D3-BF4B-00C04F79EFBC}") = "DotLogTest", "DotLogTest\DotLogTest.csproj", "{660E285B-DADF-4DCF-90AB-D67B70CC6CA9}"
EndProject
Global
	GlobalSection(SolutionConfigurationPlatforms) = preSolution
		Debug|Any CPU = Debug|Any CPU
		Release|Any CPU = Release|Any CPU
	EndGlobalSection
	GlobalSection(ProjectConfigurationPlatforms) = postSolution
		{2129094C-F4F2-4EC1-8F71-BD85942DD22B}.Debug|Any CPU.ActiveCfg = Debug|Any CPU
		{2129094C-F4F2-4EC1-8F71-BD85942DD22B}.Debug|Any CPU.Build.0 = Debug|Any CPU
		{2129094C-F4F2-4EC1-8F71-BD85942DD22B}.Release|Any CPU.ActiveCfg = Release|Any CPU
		{2129094C-F4F2-4EC1-8F71-BD85942DD22B}.Release|Any CPU.Build.0 = Release|Any CPU
		{660E285B-DADF-4DCF-90AB-D67B70CC6CA9}.Debug|Any CPU.ActiveCfg = Debug|Any CPU
		{660E285B-DADF-4DCF-90AB-D67B70CC6CA9}.Debug|Any CPU.Build.0 = Debug|Any CPU
		{660E285B-DADF-4DCF-90AB-D67B70CC6CA9}.Release|Any CPU.ActiveCfg = Release|Any CPU
		{660E285B-DADF-4DCF-90AB-D67B70CC6CA9}.Release|Any CPU.Build.0 = Release|Any CPU
	EndGlobalSection
	GlobalSection(SolutionProperties) = preSolution
		HideSolutionNode = FALSE
	EndGlobalSection
	GlobalSection(ExtensibilityGlobals) = postSolution
		SolutionGuid = {2DAAC7F0-51CD-4243-8B07-7D1ED4252D48}
	EndGlobalSection
EndGlobal
